
Microsoft Visual Studio Solution File, Format Version 11.00
# Visual Studio 2010
Project("{8BC9CEB8-8B4A-11D0-8D11-00A0C91BC942}") = "IterateDecksCOM", "IterateDecksCOM.vcxproj", "{B931FB7A-C029-49DA-A5E4-75CCC6084F2D}"
EndProject
Project("{8BC9CEB8-8B4A-11D0-8D11-00A0C91BC942}") = "IterateDecksCOMPS", "IterateDecksCOMPS.vcxproj", "{3B2BD07C-75CA-4EFC-8257-9066EA0B37D0}"
	ProjectSection(ProjectDependencies) = postProject
		{B931FB7A-C029-49DA-A5E4-75CCC6084F2D} = {B931FB7A-C029-49DA-A5E4-75CCC6084F2D}
	EndProjectSection
EndProject
Global
	GlobalSection(SolutionConfigurationPlatforms) = preSolution
		Debug|Win32 = Debug|Win32
		Release|Win32 = Release|Win32
	EndGlobalSection
	GlobalSection(ProjectConfigurationPlatforms) = postSolution
		{B931FB7A-C029-49DA-A5E4-75CCC6084F2D}.Debug|Win32.ActiveCfg = Debug|Win32
		{B931FB7A-C029-49DA-A5E4-75CCC6084F2D}.Debug|Win32.Build.0 = Debug|Win32
		{B931FB7A-C029-49DA-A5E4-75CCC6084F2D}.Release|Win32.ActiveCfg = Release|Win32
		{B931FB7A-C029-49DA-A5E4-75CCC6084F2D}.Release|Win32.Build.0 = Release|Win32
		{3B2BD07C-75CA-4EFC-8257-9066EA0B37D0}.Debug|Win32.ActiveCfg = Debug|Win32
		{3B2BD07C-75CA-4EFC-8257-9066EA0B37D0}.Release|Win32.ActiveCfg = Release|Win32
	EndGlobalSection
	GlobalSection(SolutionProperties) = preSolution
		HideSolutionNode = FALSE
	EndGlobalSection
EndGlobal
